{
  "name": "strigoaica-strategy",
  "version": "0.0.1",
  "lockfileVersion": 1,
  "requires": true,
  "dependencies": {
    "@types/node": {
      "version": "10.5.2",
      "resolved": "https://registry.npmjs.org/@types/node/-/node-10.5.2.tgz",
      "integrity": "sha512-m9zXmifkZsMHZBOyxZWilMwmTlpC8x5Ty360JKTiXvlXZfBWYpsg9ZZvP/Ye+iZUh+Q+MxDLjItVTWIsfwz+8Q==",
      "dev": true
    },
    "case": {
      "version": "1.6.0",
      "resolved": "https://registry.npmjs.org/case/-/case-1.6.0.tgz",
      "integrity": "sha512-IbFqJm+iSedo4UW/DXORapxBEzl0YYSJEYLzkAoIfemiPmfFrerJ/N5zQKnfORmkkKlWmfkqd9rJKyF9AeYRQw=="
    }
  }
}
